{
  "nodes": {
    "caelestia-cli": {
      "inputs": {
        "caelestia-shell": "caelestia-shell",
        "nixpkgs": [
          "nixpkgs"
        ]
      },
      "locked": {
        "lastModified": 1788237481,
        "narHash": "sha256-BD/DSimNaZ/241P3q+BplcvxHdUvAFmQvtnrwtkaExU=",
        "owner": "caelestia-dots",
        "repo": "cli",
        "rev": "3a1c5e63e2ed6aaac6ad7e19af7f8c622e7999f8",
        "type": "github"
      },
      "original": {
        "owner": "caelestia-dots",
        "repo": "cli",
        "type": "github"
      }
    },
    "caelestia-shell": {
      "inputs": {
        "caelestia-cli": [
          "caelestia-cli"
        ],
        "m3shapes": "m3shapes",
        "nixpkgs": [
          "caelestia-cli",
          "nixpkgs"
        ],
        "quickshell": "quickshell"
      },
      "locked": {
        "lastModified": 1788192940,
        "narHash": "sha256-3n/BE3o/8HrxQMb+I3pF850FBupX87z35OUAjmheeQ8=",
        "owner": "caelestia-dots",
        "repo": "shell",
        "rev": "0350534d6e34aa787406632bbb7213f07ddfe38e",
        "type": "github"
      },
      "original": {
        "owner": "caelestia-dots",
        "repo": "shell",
        "type": "github"
      }
    },
    "home-manager": {
      "inputs": {
        "nixpkgs": [
          "nixpkgs"
        ]
      },
      "locked": {
        "lastModified": 1787377438,
        "narHash": "sha256-Sxu1NLTD/Ern6hFGLlZmtKCSct3YQXZI/lls8RE1XeM=",
        "owner": "nix-community",
        "repo": "home-manager",
        "rev": "65258d5c65a250189fde2e35f490d15e064c4c62",
        "type": "github"
      },
      "original": {
        "owner": "nix-community",
        "ref": "release-26.05",
        "repo": "home-manager",
        "type": "github"
      }
    },
    "m3shapes": {
      "inputs": {
        "nixpkgs": [
          "caelestia-cli",
          "caelestia-shell",
          "nixpkgs"
        ]
      },
      "locked": {
        "lastModified": 1787906858,
        "narHash": "sha256-YZelgEZflFNwGutX4/tIzBdbOeghJgE2oDw0uWYGxns=",
        "owner": "soramanew",
        "repo": "m3shapes",
        "rev": "32ad9ce328bb77ed349b40a3be10ee9ea610b8ab",
        "type": "github"
      },
      "original": {
        "owner": "soramanew",
        "repo": "m3shapes",
        "rev": "32ad9ce328bb77ed349b40a3be10ee9ea610b8ab",
        "type": "github"
      }
    },
    "nixpkgs": {
      "locked": {
        "lastModified": 1788187754,
        "narHash": "sha256-bu1QxmXKmPuvBLN7bHP355OV9Qo13x9WCiRDH62CqRM=",
        "owner": "NixOS",
        "repo": "nixpkgs",
        "rev": "5dfba6236110080a54247d6460bc2ff5dda939cc",
        "type": "github"
      },
      "original": {
        "owner": "NixOS",
        "ref": "nixos-26.05",
        "repo": "nixpkgs",
        "type": "github"
      }
    },
    "nixpkgs-unstable": {
      "locked": {
        "lastModified": 1788179007,
        "narHash": "sha256-hn1oU2rue2SYK8dAr8+WNZWtbsz1S2W5mnHlSEuh3bo=",
        "owner": "NixOS",
        "repo": "nixpkgs",
        "rev": "34ab99075ac4f7e40cf037eef32cb1c360bb85e9",
        "type": "github"
      },
      "original": {
        "owner": "NixOS",
        "ref": "nixos-unstable",
        "repo": "nixpkgs",
        "type": "github"
      }
    },
    "quickshell": {
      "inputs": {
        "nixpkgs": [
          "caelestia-cli",
          "caelestia-shell",
          "nixpkgs"
        ]
      },
      "locked": {
        "lastModified": 1787994703,
        "narHash": "sha256-6SUZyyALo19heYPa/Xmu2H4zV+wvdfVX4fTcqbgHRnI=",
        "ref": "refs/heads/master",
        "rev": "2d3b3e9c70ef380dff751b61d334dc88df016c29",
        "revCount": 856,
        "type": "git",
        "url": "https://git.outfoxxed.me/outfoxxed/quickshell"
      },
      "original": {
        "type": "git",
        "url": "https://git.outfoxxed.me/outfoxxed/quickshell"
      }
    },
    "root": {
      "inputs": {
        "caelestia-cli": "caelestia-cli",
        "home-manager": "home-manager",
        "nixpkgs": "nixpkgs",
        "nixpkgs-unstable": "nixpkgs-unstable"
      }
    }
  },
  "root": "root",
  "version": 7
}
